// !$*UTF8*$!
{
	archiveVersion = 1;
	classes = {
	};
	objectVersion = 46;
	objects = {

/* Begin PBXBuildFile section */
		02EE7EE31D9CFE2700564835 /* main.m in Sources */ = {isa = PBXBuildFile; fileRef = 02EE7EE21D9CFE2700564835 /* main.m */; };
		02EE7EE61D9CFE2700564835 /* AppDelegate.m in Sources */ = {isa = PBXBuildFile; fileRef = 02EE7EE51D9CFE2700564835 /* AppDelegate.m */; };
		02EE7EE91D9CFE2700564835 /* ViewController.m in Sources */ = {isa = PBXBuildFile; fileRef = 02EE7EE81D9CFE2700564835 /* ViewController.m */; };
		02EE7EEC1D9CFE2700564835 /* Main.storyboard in Resources */ = {isa = PBXBuildFile; fileRef = 02EE7EEA1D9CFE2700564835 /* Main.storyboard */; };
		02EE7EEE1D9CFE2700564835 /* Assets.xcassets in Resources */ = {isa = PBXBuildFile; fileRef = 02EE7EED1D9CFE2700564835 /* Assets.xcassets */; };
		02EE7EF11D9CFE2700564835 /* LaunchScreen.storyboard in Resources */ = {isa = PBXBuildFile; fileRef = 02EE7EEF1D9CFE2700564835 /* LaunchScreen.storyboard */; };
		02EE7F4A1D9CFE6000564835 /* libcrypto.a in Frameworks */ = {isa = PBXBuildFile; fileRef = 02EE7F481D9CFE6000564835 /* libcrypto.a */; };
		02EE7F4B1D9CFE6000564835 /* libssl.a in Frameworks */ = {isa = PBXBuildFile; fileRef = 02EE7F491D9CFE6000564835 /* libssl.a */; };
		02EE7F4E1D9CFF4600564835 /* header.c in Sources */ = {isa = PBXBuildFile; fileRef = 02EE7F4C1D9CFF4600564835 /* header.c */; };
/* End PBXBuildFile section */

/* Begin PBXFileReference section */
		02EE7EDE1D9CFE2700564835 /* jd_openssl.app */ = {isa = PBXFileReference; explicitFileType = wrapper.application; includeInIndex = 0; path = jd_openssl.app; sourceTree = BUILT_PRODUCTS_DIR; };
		02EE7EE21D9CFE2700564835 /* main.m */ = {isa = PBXFileReference; lastKnownFileType = sourcecode.c.objc; path = main.m; sourceTree = "<group>"; };
		02EE7EE41D9CFE2700564835 /* AppDelegate.h */ = {isa = PBXFileReference; lastKnownFileType = sourcecode.c.h; path = AppDelegate.h; sourceTree = "<group>"; };
		02EE7EE51D9CFE2700564835 /* AppDelegate.m */ = {isa = PBXFileReference; lastKnownFileType = sourcecode.c.objc; path = AppDelegate.m; sourceTree = "<group>"; };
		02EE7EE71D9CFE2700564835 /* ViewController.h */ = {isa = PBXFileReference; lastKnownFileType = sourcecode.c.h; path = ViewController.h; sourceTree = "<group>"; };
		02EE7EE81D9CFE2700564835 /* ViewController.m */ = {isa = PBXFileReference; lastKnownFileType = sourcecode.c.objc; path = ViewController.m; sourceTree = "<group>"; };
		02EE7EEB1D9CFE2700564835 /* Base */ = {isa = PBXFileReference; lastKnownFileType = file.storyboard; name = Base; path = Base.lproj/Main.storyboard; sourceTree = "<group>"; };
		02EE7EED1D9CFE2700564835 /* Assets.xcassets */ = {isa = PBXFileReference; lastKnownFileType = folder.assetcatalog; path = Assets.xcassets; sourceTree = "<group>"; };
		02EE7EF01D9CFE2700564835 /* Base */ = {isa = PBXFileReference; lastKnownFileType = file.storyboard; name = Base; path = Base.lproj/LaunchScreen.storyboard; sourceTree = "<group>"; };
		02EE7EF21D9CFE2700564835 /* Info.plist */ = {isa = PBXFileReference; lastKnownFileType = text.plist.xml; path = Info.plist; sourceTree = "<group>"; };
		02EE7EFD1D9CFE6000564835 /* aes.h */ = {isa = PBXFileReference; fileEncoding = 4; lastKnownFileType = sourcecode.c.h; path = aes.h; sourceTree = "<group>"; };
		02EE7EFE1D9CFE6000564835 /* asn1.h */ = {isa = PBXFileReference; fileEncoding = 4; lastKnownFileType = sourcecode.c.h; path = asn1.h; sourceTree = "<group>"; };
		02EE7EFF1D9CFE6000564835 /* asn1_mac.h */ = {isa = PBXFileReference; fileEncoding = 4; lastKnownFileType = sourcecode.c.h; path = asn1_mac.h; sourceTree = "<group>"; };
		02EE7F001D9CFE6000564835 /* asn1t.h */ = {isa = PBXFileReference; fileEncoding = 4; lastKnownFileType = sourcecode.c.h; path = asn1t.h; sourceTree = "<group>"; };
		02EE7F011D9CFE6000564835 /* bio.h */ = {isa = PBXFileReference; fileEncoding = 4; lastKnownFileType = sourcecode.c.h; path = bio.h; sourceTree = "<group>"; };
		02EE7F021D9CFE6000564835 /* blowfish.h */ = {isa = PBXFileReference; fileEncoding = 4; lastKnownFileType = sourcecode.c.h; path = blowfish.h; sourceTree = "<group>"; };
		02EE7F031D9CFE6000564835 /* bn.h */ = {isa = PBXFileReference; fileEncoding = 4; lastKnownFileType = sourcecode.c.h; path = bn.h; sourceTree = "<group>"; };
		02EE7F041D9CFE6000564835 /* buffer.h */ = {isa = PBXFileReference; fileEncoding = 4; lastKnownFileType = sourcecode.c.h; path = buffer.h; sourceTree = "<group>"; };
		02EE7F051D9CFE6000564835 /* camellia.h */ = {isa = PBXFileReference; fileEncoding = 4; lastKnownFileType = sourcecode.c.h; path = camellia.h; sourceTree = "<group>"; };
		02EE7F061D9CFE6000564835 /* cast.h */ = {isa = PBXFileReference; fileEncoding = 4; lastKnownFileType = sourcecode.c.h; path = cast.h; sourceTree = "<group>"; };
		02EE7F071D9CFE6000564835 /* cmac.h */ = {isa = PBXFileReference; fileEncoding = 4; lastKnownFileType = sourcecode.c.h; path = cmac.h; sourceTree = "<group>"; };
		02EE7F081D9CFE6000564835 /* cms.h */ = {isa = PBXFileReference; fileEncoding = 4; lastKnownFileType = sourcecode.c.h; path = cms.h; sourceTree = "<group>"; };
		02EE7F091D9CFE6000564835 /* comp.h */ = {isa = PBXFileReference; fileEncoding = 4; lastKnownFileType = sourcecode.c.h; path = comp.h; sourceTree = "<group>"; };
		02EE7F0A1D9CFE6000564835 /* conf.h */ = {isa = PBXFileReference; fileEncoding = 4; lastKnownFileType = sourcecode.c.h; path = conf.h; sourceTree = "<group>"; };
		02EE7F0B1D9CFE6000564835 /* conf_api.h */ = {isa = PBXFileReference; fileEncoding = 4; lastKnownFileType = sourcecode.c.h; path = conf_api.h; sourceTree = "<group>"; };
		02EE7F0C1D9CFE6000564835 /* crypto.h */ = {isa = PBXFileReference; fileEncoding = 4; lastKnownFileType = sourcecode.c.h; path = crypto.h; sourceTree = "<group>"; };
		02EE7F0D1D9CFE6000564835 /* des.h */ = {isa = PBXFileReference; fileEncoding = 4; lastKnownFileType = sourcecode.c.h; path = des.h; sourceTree = "<group>"; };
		02EE7F0E1D9CFE6000564835 /* des_old.h */ = {isa = PBXFileReference; fileEncoding = 4; lastKnownFileType = sourcecode.c.h; path = des_old.h; sourceTree = "<group>"; };
		02EE7F0F1D9CFE6000564835 /* dh.h */ = {isa = PBXFileReference; fileEncoding = 4; lastKnownFileType = sourcecode.c.h; path = dh.h; sourceTree = "<group>"; };
		02EE7F101D9CFE6000564835 /* dsa.h */ = {isa = PBXFileReference; fileEncoding = 4; lastKnownFileType = sourcecode.c.h; path = dsa.h; sourceTree = "<group>"; };
		02EE7F111D9CFE6000564835 /* dso.h */ = {isa = PBXFileReference; fileEncoding = 4; lastKnownFileType = sourcecode.c.h; path = dso.h; sourceTree = "<group>"; };
		02EE7F121D9CFE6000564835 /* dtls1.h */ = {isa = PBXFileReference; fileEncoding = 4; lastKnownFileType = sourcecode.c.h; path = dtls1.h; sourceTree = "<group>"; };
		02EE7F131D9CFE6000564835 /* e_os2.h */ = {isa = PBXFileReference; fileEncoding = 4; lastKnownFileType = sourcecode.c.h; path = e_os2.h; sourceTree = "<group>"; };
		02EE7F141D9CFE6000564835 /* ebcdic.h */ = {isa = PBXFileReference; fileEncoding = 4; lastKnownFileType = sourcecode.c.h; path = ebcdic.h; sourceTree = "<group>"; };
		02EE7F151D9CFE6000564835 /* ec.h */ = {isa = PBXFileReference; fileEncoding = 4; lastKnownFileType = sourcecode.c.h; path = ec.h; sourceTree = "<group>"; };
		02EE7F161D9CFE6000564835 /* ecdh.h */ = {isa = PBXFileReference; fileEncoding = 4; lastKnownFileType = sourcecode.c.h; path = ecdh.h; sourceTree = "<group>"; };
		02EE7F171D9CFE6000564835 /* ecdsa.h */ = {isa = PBXFileReference; fileEncoding = 4; lastKnownFileType = sourcecode.c.h; path = ecdsa.h; sourceTree = "<group>"; };
		02EE7F181D9CFE6000564835 /* engine.h */ = {isa = PBXFileReference; fileEncoding = 4; lastKnownFileType = sourcecode.c.h; path = engine.h; sourceTree = "<group>"; };
		02EE7F191D9CFE6000564835 /* err.h */ = {isa = PBXFileReference; fileEncoding = 4; lastKnownFileType = sourcecode.c.h; path = err.h; sourceTree = "<group>"; };
		02EE7F1A1D9CFE6000564835 /* evp.h */ = {isa = PBXFileReference; fileEncoding = 4; lastKnownFileType = sourcecode.c.h; path = evp.h; sourceTree = "<group>"; };
		02EE7F1B1D9CFE6000564835 /* hmac.h */ = {isa = PBXFileReference; fileEncoding = 4; lastKnownFileType = sourcecode.c.h; path = hmac.h; sourceTree = "<group>"; };
		02EE7F1C1D9CFE6000564835 /* idea.h */ = {isa = PBXFileReference; fileEncoding = 4; lastKnownFileType = sourcecode.c.h; path = idea.h; sourceTree = "<group>"; };
		02EE7F1D1D9CFE6000564835 /* krb5_asn.h */ = {isa = PBXFileReference; fileEncoding = 4; lastKnownFileType = sourcecode.c.h; path = krb5_asn.h; sourceTree = "<group>"; };
		02EE7F1E1D9CFE6000564835 /* kssl.h */ = {isa = PBXFileReference; fileEncoding = 4; lastKnownFileType = sourcecode.c.h; path = kssl.h; sourceTree = "<group>"; };
		02EE7F1F1D9CFE6000564835 /* lhash.h */ = {isa = PBXFileReference; fileEncoding = 4; lastKnownFileType = sourcecode.c.h; path = lhash.h; sourceTree = "<group>"; };
		02EE7F201D9CFE6000564835 /* md4.h */ = {isa = PBXFileReference; fileEncoding = 4; lastKnownFileType = sourcecode.c.h; path = md4.h; sourceTree = "<group>"; };
		02EE7F211D9CFE6000564835 /* md5.h */ = {isa = PBXFileReference; fileEncoding = 4; lastKnownFileType = sourcecode.c.h; path = md5.h; sourceTree = "<group>"; };
		02EE7F221D9CFE6000564835 /* mdc2.h */ = {isa = PBXFileReference; fileEncoding = 4; lastKnownFileType = sourcecode.c.h; path = mdc2.h; sourceTree = "<group>"; };
		02EE7F231D9CFE6000564835 /* modes.h */ = {isa = PBXFileReference; fileEncoding = 4; lastKnownFileType = sourcecode.c.h; path = modes.h; sourceTree = "<group>"; };
		02EE7F241D9CFE6000564835 /* obj_mac.h */ = {isa = PBXFileReference; fileEncoding = 4; lastKnownFileType = sourcecode.c.h; path = obj_mac.h; sourceTree = "<group>"; };
		02EE7F251D9CFE6000564835 /* objects.h */ = {isa = PBXFileReference; fileEncoding = 4; lastKnownFileType = sourcecode.c.h; path = objects.h; sourceTree = "<group>"; };
		02EE7F261D9CFE6000564835 /* ocsp.h */ = {isa = PBXFileReference; fileEncoding = 4; lastKnownFileType = sourcecode.c.h; path = ocsp.h; sourceTree = "<group>"; };
		02EE7F271D9CFE6000564835 /* opensslconf.h */ = {isa = PBXFileReference; fileEncoding = 4; lastKnownFileType = sourcecode.c.h; path = opensslconf.h; sourceTree = "<group>"; };
		02EE7F281D9CFE6000564835 /* opensslv.h */ = {isa = PBXFileReference; fileEncoding = 4; lastKnownFileType = sourcecode.c.h; path = opensslv.h; sourceTree = "<group>"; };
		02EE7F291D9CFE6000564835 /* ossl_typ.h */ = {isa = PBXFileReference; fileEncoding = 4; lastKnownFileType = sourcecode.c.h; path = ossl_typ.h; sourceTree = "<group>"; };
		02EE7F2A1D9CFE6000564835 /* pem.h */ = {isa = PBXFileReference; fileEncoding = 4; lastKnownFileType = sourcecode.c.h; path = pem.h; sourceTree = "<group>"; };
		02EE7F2B1D9CFE6000564835 /* pem2.h */ = {isa = PBXFileReference; fileEncoding = 4; lastKnownFileType = sourcecode.c.h; path = pem2.h; sourceTree = "<group>"; };
		02EE7F2C1D9CFE6000564835 /* pkcs12.h */ = {isa = PBXFileReference; fileEncoding = 4; lastKnownFileType = sourcecode.c.h; path = pkcs12.h; sourceTree = "<group>"; };
		02EE7F2D1D9CFE6000564835 /* pkcs7.h */ = {isa = PBXFileReference; fileEncoding = 4; lastKnownFileType = sourcecode.c.h; path = pkcs7.h; sourceTree = "<group>"; };
		02EE7F2E1D9CFE6000564835 /* pqueue.h */ = {isa = PBXFileReference; fileEncoding = 4; lastKnownFileType = sourcecode.c.h; path = pqueue.h; sourceTree = "<group>"; };
		02EE7F2F1D9CFE6000564835 /* rand.h */ = {isa = PBXFileReference; fileEncoding = 4; lastKnownFileType = sourcecode.c.h; path = rand.h; sourceTree = "<group>"; };
		02EE7F301D9CFE6000564835 /* rc2.h */ = {isa = PBXFileReference; fileEncoding = 4; lastKnownFileType = sourcecode.c.h; path = rc2.h; sourceTree = "<group>"; };
		02EE7F311D9CFE6000564835 /* rc4.h */ = {isa = PBXFileReference; fileEncoding = 4; lastKnownFileType = sourcecode.c.h; path = rc4.h; sourceTree = "<group>"; };
		02EE7F321D9CFE6000564835 /* ripemd.h */ = {isa = PBXFileReference; fileEncoding = 4; lastKnownFileType = sourcecode.c.h; path = ripemd.h; sourceTree = "<group>"; };
		02EE7F331D9CFE6000564835 /* rsa.h */ = {isa = PBXFileReference; fileEncoding = 4; lastKnownFileType = sourcecode.c.h; path = rsa.h; sourceTree = "<group>"; };
		02EE7F341D9CFE6000564835 /* safestack.h */ = {isa = PBXFileReference; fileEncoding = 4; lastKnownFileType = sourcecode.c.h; path = safestack.h; sourceTree = "<group>"; };
		02EE7F351D9CFE6000564835 /* seed.h */ = {isa = PBXFileReference; fileEncoding = 4; lastKnownFileType = sourcecode.c.h; path = seed.h; sourceTree = "<group>"; };
		02EE7F361D9CFE6000564835 /* sha.h */ = {isa = PBXFileReference; fileEncoding = 4; lastKnownFileType = sourcecode.c.h; path = sha.h; sourceTree = "<group>"; };
		02EE7F371D9CFE6000564835 /* srp.h */ = {isa = PBXFileReference; fileEncoding = 4; lastKnownFileType = sourcecode.c.h; path = srp.h; sourceTree = "<group>"; };
		02EE7F381D9CFE6000564835 /* srtp.h */ = {isa = PBXFileReference; fileEncoding = 4; lastKnownFileType = sourcecode.c.h; path = srtp.h; sourceTree = "<group>"; };
		02EE7F391D9CFE6000564835 /* ssl.h */ = {isa = PBXFileReference; fileEncoding = 4; lastKnownFileType = sourcecode.c.h; path = ssl.h; sourceTree = "<group>"; };
		02EE7F3A1D9CFE6000564835 /* ssl2.h */ = {isa = PBXFileReference; fileEncoding = 4; lastKnownFileType = sourcecode.c.h; path = ssl2.h; sourceTree = "<group>"; };
		02EE7F3B1D9CFE6000564835 /* ssl23.h */ = {isa = PBXFileReference; fileEncoding = 4; lastKnownFileType = sourcecode.c.h; path = ssl23.h; sourceTree = "<group>"; };
		02EE7F3C1D9CFE6000564835 /* ssl3.h */ = {isa = PBXFileReference; fileEncoding = 4; lastKnownFileType = sourcecode.c.h; path = ssl3.h; sourceTree = "<group>"; };
		02EE7F3D1D9CFE6000564835 /* stack.h */ = {isa = PBXFileReference; fileEncoding = 4; lastKnownFileType = sourcecode.c.h; path = stack.h; sourceTree = "<group>"; };
		02EE7F3E1D9CFE6000564835 /* symhacks.h */ = {isa = PBXFileReference; fileEncoding = 4; lastKnownFileType = sourcecode.c.h; path = symhacks.h; sourceTree = "<group>"; };
		02EE7F3F1D9CFE6000564835 /* tls1.h */ = {isa = PBXFileReference; fileEncoding = 4; lastKnownFileType = sourcecode.c.h; path = tls1.h; sourceTree = "<group>"; };
		02EE7F401D9CFE6000564835 /* ts.h */ = {isa = PBXFileReference; fileEncoding = 4; lastKnownFileType = sourcecode.c.h; path = ts.h; sourceTree = "<group>"; };
		02EE7F411D9CFE6000564835 /* txt_db.h */ = {isa = PBXFileReference; fileEncoding = 4; lastKnownFileType = sourcecode.c.h; path = txt_db.h; sourceTree = "<group>"; };
		02EE7F421D9CFE6000564835 /* ui.h */ = {isa = PBXFileReference; fileEncoding = 4; lastKnownFileType = sourcecode.c.h; path = ui.h; sourceTree = "<group>"; };
		02EE7F431D9CFE6000564835 /* ui_compat.h */ = {isa = PBXFileReference; fileEncoding = 4; lastKnownFileType = sourcecode.c.h; path = ui_compat.h; sourceTree = "<group>"; };
		02EE7F441D9CFE6000564835 /* whrlpool.h */ = {isa = PBXFileReference; fileEncoding = 4; lastKnownFileType = sourcecode.c.h; path = whrlpool.h; sourceTree = "<group>"; };
		02EE7F451D9CFE6000564835 /* x509.h */ = {isa = PBXFileReference; fileEncoding = 4; lastKnownFileType = sourcecode.c.h; path = x509.h; sourceTree = "<group>"; };
		02EE7F461D9CFE6000564835 /* x509_vfy.h */ = {isa = PBXFileReference; fileEncoding = 4; lastKnownFileType = sourcecode.c.h; path = x509_vfy.h; sourceTree = "<group>"; };
		02EE7F471D9CFE6000564835 /* x509v3.h */ = {isa = PBXFileReference; fileEncoding = 4; lastKnownFileType = sourcecode.c.h; path = x509v3.h; sourceTree = "<group>"; };
		02EE7F481D9CFE6000564835 /* libcrypto.a */ = {isa = PBXFileReference; lastKnownFileType = archive.ar; path = libcrypto.a; sourceTree = "<group>"; };
		02EE7F491D9CFE6000564835 /* libssl.a */ = {isa = PBXFileReference; lastKnownFileType = archive.ar; path = libssl.a; sourceTree = "<group>"; };
		02EE7F4C1D9CFF4600564835 /* header.c */ = {isa = PBXFileReference; fileEncoding = 4; lastKnownFileType = sourcecode.c.c; path = header.c; sourceTree = "<group>"; };
		02EE7F4D1D9CFF4600564835 /* header.h */ = {isa = PBXFileReference; fileEncoding = 4; lastKnownFileType = sourcecode.c.h; path = header.h; sourceTree = "<group>"; };
/* End PBXFileReference section */

/* Begin PBXFrameworksBuildPhase section */
		02EE7EDB1D9CFE2700564835 /* Frameworks */ = {
			isa = PBXFrameworksBuildPhase;
			buildActionMask = 2147483647;
			files = (
				02EE7F4B1D9CFE6000564835 /* libssl.a in Frameworks */,
				02EE7F4A1D9CFE6000564835 /* libcrypto.a in Frameworks */,
			);
			runOnlyForDeploymentPostprocessing = 0;
		};
/* End PBXFrameworksBuildPhase section */

/* Begin PBXGroup section */
		02EE7ED51D9CFE2700564835 = {
			isa = PBXGroup;
			children = (
				02EE7F4C1D9CFF4600564835 /* header.c */,
				02EE7F4D1D9CFF4600564835 /* header.h */,
				02EE7EFB1D9CFE6000564835 /* include */,
				02EE7F481D9CFE6000564835 /* libcrypto.a */,
				02EE7F491D9CFE6000564835 /* libssl.a */,
				02EE7EE01D9CFE2700564835 /* jd_openssl */,
				02EE7EDF1D9CFE2700564835 /* Products */,
			);
			sourceTree = "<group>";
		};
		02EE7EDF1D9CFE2700564835 /* Products */ = {
			isa = PBXGroup;
			children = (
				02EE7EDE1D9CFE2700564835 /* jd_openssl.app */,
			);
			name = Products;
			sourceTree = "<group>";
		};
		02EE7EE01D9CFE2700564835 /* jd_openssl */ = {
			isa = PBXGroup;
			children = (
				02EE7EE41D9CFE2700564835 /* AppDelegate.h */,
				02EE7EE51D9CFE2700564835 /* AppDelegate.m */,
				02EE7EE71D9CFE2700564835 /* ViewController.h */,
				02EE7EE81D9CFE2700564835 /* ViewController.m */,
				02EE7EEA1D9CFE2700564835 /* Main.storyboard */,
				02EE7EED1D9CFE2700564835 /* Assets.xcassets */,
				02EE7EEF1D9CFE2700564835 /* LaunchScreen.storyboard */,
				02EE7EF21D9CFE2700564835 /* Info.plist */,
				02EE7EE11D9CFE2700564835 /* Supporting Files */,
			);
			path = jd_openssl;
			sourceTree = "<group>";
		};
		02EE7EE11D9CFE2700564835 /* Supporting Files */ = {
			isa = PBXGroup;
			children = (
				02EE7EE21D9CFE2700564835 /* main.m */,
			);
			name = "Supporting Files";
			sourceTree = "<group>";
		};
		02EE7EFB1D9CFE6000564835 /* include */ = {
			isa = PBXGroup;
			children = (
				02EE7EFC1D9CFE6000564835 /* openssl */,
			);
			path = include;
			sourceTree = "<group>";
		};
		02EE7EFC1D9CFE6000564835 /* openssl */ = {
			isa = PBXGroup;
			children = (
				02EE7EFD1D9CFE6000564835 /* aes.h */,
				02EE7EFE1D9CFE6000564835 /* asn1.h */,
				02EE7EFF1D9CFE6000564835 /* asn1_mac.h */,
				02EE7F001D9CFE6000564835 /* asn1t.h */,
				02EE7F011D9CFE6000564835 /* bio.h */,
				02EE7F021D9CFE6000564835 /* blowfish.h */,
				02EE7F031D9CFE6000564835 /* bn.h */,
				02EE7F041D9CFE6000564835 /* buffer.h */,
				02EE7F051D9CFE6000564835 /* camellia.h */,
				02EE7F061D9CFE6000564835 /* cast.h */,
				02EE7F071D9CFE6000564835 /* cmac.h */,
				02EE7F081D9CFE6000564835 /* cms.h */,
				02EE7F091D9CFE6000564835 /* comp.h */,
				02EE7F0A1D9CFE6000564835 /* conf.h */,
				02EE7F0B1D9CFE6000564835 /* conf_api.h */,
				02EE7F0C1D9CFE6000564835 /* crypto.h */,
				02EE7F0D1D9CFE6000564835 /* des.h */,
				02EE7F0E1D9CFE6000564835 /* des_old.h */,
				02EE7F0F1D9CFE6000564835 /* dh.h */,
				02EE7F101D9CFE6000564835 /* dsa.h */,
				02EE7F111D9CFE6000564835 /* dso.h */,
				02EE7F121D9CFE6000564835 /* dtls1.h */,
				02EE7F131D9CFE6000564835 /* e_os2.h */,
				02EE7F141D9CFE6000564835 /* ebcdic.h */,
				02EE7F151D9CFE6000564835 /* ec.h */,
				02EE7F161D9CFE6000564835 /* ecdh.h */,
				02EE7F171D9CFE6000564835 /* ecdsa.h */,
				02EE7F181D9CFE6000564835 /* engine.h */,
				02EE7F191D9CFE6000564835 /* err.h */,
				02EE7F1A1D9CFE6000564835 /* evp.h */,
				02EE7F1B1D9CFE6000564835 /* hmac.h */,
				02EE7F1C1D9CFE6000564835 /* idea.h */,
				02EE7F1D1D9CFE6000564835 /* krb5_asn.h */,
				02EE7F1E1D9CFE6000564835 /* kssl.h */,
				02EE7F1F1D9CFE6000564835 /* lhash.h */,
				02EE7F201D9CFE6000564835 /* md4.h */,
				02EE7F211D9CFE6000564835 /* md5.h */,
				02EE7F221D9CFE6000564835 /* mdc2.h */,
				02EE7F231D9CFE6000564835 /* modes.h */,
				02EE7F241D9CFE6000564835 /* obj_mac.h */,
				02EE7F251D9CFE6000564835 /* objects.h */,
				02EE7F261D9CFE6000564835 /* ocsp.h */,
				02EE7F271D9CFE6000564835 /* opensslconf.h */,
				02EE7F281D9CFE6000564835 /* opensslv.h */,
				02EE7F291D9CFE6000564835 /* ossl_typ.h */,
				02EE7F2A1D9CFE6000564835 /* pem.h */,
				02EE7F2B1D9CFE6000564835 /* pem2.h */,
				02EE7F2C1D9CFE6000564835 /* pkcs12.h */,
				02EE7F2D1D9CFE6000564835 /* pkcs7.h */,
				02EE7F2E1D9CFE6000564835 /* pqueue.h */,
				02EE7F2F1D9CFE6000564835 /* rand.h */,
				02EE7F301D9CFE6000564835 /* rc2.h */,
				02EE7F311D9CFE6000564835 /* rc4.h */,
				02EE7F321D9CFE6000564835 /* ripemd.h */,
				02EE7F331D9CFE6000564835 /* rsa.h */,
				02EE7F341D9CFE6000564835 /* safestack.h */,
				02EE7F351D9CFE6000564835 /* seed.h */,
				02EE7F361D9CFE6000564835 /* sha.h */,
				02EE7F371D9CFE6000564835 /* srp.h */,
				02EE7F381D9CFE6000564835 /* srtp.h */,
				02EE7F391D9CFE6000564835 /* ssl.h */,
				02EE7F3A1D9CFE6000564835 /* ssl2.h */,
				02EE7F3B1D9CFE6000564835 /* ssl23.h */,
				02EE7F3C1D9CFE6000564835 /* ssl3.h */,
				02EE7F3D1D9CFE6000564835 /* stack.h */,
				02EE7F3E1D9CFE6000564835 /* symhacks.h */,
				02EE7F3F1D9CFE6000564835 /* tls1.h */,
				02EE7F401D9CFE6000564835 /* ts.h */,
				02EE7F411D9CFE6000564835 /* txt_db.h */,
				02EE7F421D9CFE6000564835 /* ui.h */,
				02EE7F431D9CFE6000564835 /* ui_compat.h */,
				02EE7F441D9CFE6000564835 /* whrlpool.h */,
				02EE7F451D9CFE6000564835 /* x509.h */,
				02EE7F461D9CFE6000564835 /* x509_vfy.h */,
				02EE7F471D9CFE6000564835 /* x509v3.h */,
			);
			path = openssl;
			sourceTree = "<group>";
		};
/* End PBXGroup section */

/* Begin PBXNativeTarget section */
		02EE7EDD1D9CFE2700564835 /* jd_openssl */ = {
			isa = PBXNativeTarget;
			buildConfigurationList = 02EE7EF51D9CFE2700564835 /* Build configuration list for PBXNativeTarget "jd_openssl" */;
			buildPhases = (
				02EE7EDA1D9CFE2700564835 /* Sources */,
				02EE7EDB1D9CFE2700564835 /* Frameworks */,
				02EE7EDC1D9CFE2700564835 /* Resources */,
			);
			buildRules = (
			);
			dependencies = (
			);
			name = jd_openssl;
			productName = jd_openssl;
			productReference = 02EE7EDE1D9CFE2700564835 /* jd_openssl.app */;
			productType = "com.apple.product-type.application";
		};
/* End PBXNativeTarget section */

/* Begin PBXProject section */
		02EE7ED61D9CFE2700564835 /* Project object */ = {
			isa = PBXProject;
			attributes = {
				LastUpgradeCheck = 0800;
				ORGANIZATIONNAME = "xiaoyi li";
				TargetAttributes = {
					02EE7EDD1D9CFE2700564835 = {
						CreatedOnToolsVersion = 8.0;
						DevelopmentTeam = MV9CCWC8NT;
						ProvisioningStyle = Automatic;
					};
				};
			};
			buildConfigurationList = 02EE7ED91D9CFE2700564835 /* Build configuration list for PBXProject "jd_openssl" */;
			compatibilityVersion = "Xcode 3.2";
			developmentRegion = English;
			hasScannedForEncodings = 0;
			knownRegions = (
				en,
				Base,
			);
			mainGroup = 02EE7ED51D9CFE2700564835;
			productRefGroup = 02EE7EDF1D9CFE2700564835 /* Products */;
			projectDirPath = "";
			projectRoot = "";
			targets = (
				02EE7EDD1D9CFE2700564835 /* jd_openssl */,
			);
		};
/* End PBXProject section */

/* Begin PBXResourcesBuildPhase section */
		02EE7EDC1D9CFE2700564835 /* Resources */ = {
			isa = PBXResourcesBuildPhase;
			buildActionMask = 2147483647;
			files = (
				02EE7EF11D9CFE2700564835 /* LaunchScreen.storyboard in Resources */,
				02EE7EEE1D9CFE2700564835 /* Assets.xcassets in Resources */,
				02EE7EEC1D9CFE2700564835 /* Main.storyboard in Resources */,
			);
			runOnlyForDeploymentPostprocessing = 0;
		};
/* End PBXResourcesBuildPhase section */

/* Begin PBXSourcesBuildPhase section */
		02EE7EDA1D9CFE2700564835 /* Sources */ = {
			isa = PBXSourcesBuildPhase;
			buildActionMask = 2147483647;
			files = (
				02EE7EE91D9CFE2700564835 /* ViewController.m in Sources */,
				02EE7EE61D9CFE2700564835 /* AppDelegate.m in Sources */,
				02EE7F4E1D9CFF4600564835 /* header.c in Sources */,
				02EE7EE31D9CFE2700564835 /* main.m in Sources */,
			);
			runOnlyForDeploymentPostprocessing = 0;
		};
/* End PBXSourcesBuildPhase section */

/* Begin PBXVariantGroup section */
		02EE7EEA1D9CFE2700564835 /* Main.storyboard */ = {
			isa = PBXVariantGroup;
			children = (
				02EE7EEB1D9CFE2700564835 /* Base */,
			);
			name = Main.storyboard;
			sourceTree = "<group>";
		};
		02EE7EEF1D9CFE2700564835 /* LaunchScreen.storyboard */ = {
			isa = PBXVariantGroup;
			children = (
				02EE7EF01D9CFE2700564835 /* Base */,
			);
			name = LaunchScreen.storyboard;
			sourceTree = "<group>";
		};
/* End PBXVariantGroup section */

/* Begin XCBuildConfiguration section */
		02EE7EF31D9CFE2700564835 /* Debug */ = {
			isa = XCBuildConfiguration;
			buildSettings = {
				ALWAYS_SEARCH_USER_PATHS = NO;
				CLANG_ANALYZER_NONNULL = YES;
				CLANG_CXX_LANGUAGE_STANDARD = "gnu++0x";
				CLANG_CXX_LIBRARY = "libc++";
				CLANG_ENABLE_MODULES = YES;
				CLANG_ENABLE_OBJC_ARC = YES;
				CLANG_WARN_BOOL_CONVERSION = YES;
				CLANG_WARN_CONSTANT_CONVERSION = YES;
				CLANG_WARN_DIRECT_OBJC_ISA_USAGE = YES_ERROR;
				CLANG_WARN_DOCUMENTATION_COMMENTS = YES;
				CLANG_WARN_EMPTY_BODY = YES;
				CLANG_WARN_ENUM_CONVERSION = YES;
				CLANG_WARN_INFINITE_RECURSION = YES;
				CLANG_WARN_INT_CONVERSION = YES;
				CLANG_WARN_OBJC_ROOT_CLASS = YES_ERROR;
				CLANG_WARN_SUSPICIOUS_MOVES = YES;
				CLANG_WARN_UNREACHABLE_CODE = YES;
				CLANG_WARN__DUPLICATE_METHOD_MATCH = YES;
				"CODE_SIGN_IDENTITY[sdk=iphoneos*]" = "iPhone Developer";
				COPY_PHASE_STRIP = NO;
				DEBUG_INFORMATION_FORMAT = dwarf;
				ENABLE_STRICT_OBJC_MSGSEND = YES;
				ENABLE_TESTABILITY = YES;
				GCC_C_LANGUAGE_STANDARD = gnu99;
				GCC_DYNAMIC_NO_PIC = NO;
				GCC_NO_COMMON_BLOCKS = YES;
				GCC_OPTIMIZATION_LEVEL = 0;
				GCC_PREPROCESSOR_DEFINITIONS = (
					"DEBUG=1",
					"$(inherited)",
				);
				GCC_WARN_64_TO_32_BIT_CONVERSION = YES;
				GCC_WARN_ABOUT_RETURN_TYPE = YES_ERROR;
				GCC_WARN_UNDECLARED_SELECTOR = YES;
				GCC_WARN_UNINITIALIZED_AUTOS = YES_AGGRESSIVE;
				GCC_WARN_UNUSED_FUNCTION = YES;
				GCC_WARN_UNUSED_VARIABLE = YES;
				IPHONEOS_DEPLOYMENT_TARGET = 10.0;
				MTL_ENABLE_DEBUG_INFO = YES;
				ONLY_ACTIVE_ARCH = YES;
				SDKROOT = iphoneos;
				TARGETED_DEVICE_FAMILY = "1,2";
			};
			name = Debug;
		};
		02EE7EF41D9CFE2700564835 /* Release */ = {
			isa = XCBuildConfiguration;
			buildSettings = {
				ALWAYS_SEARCH_USER_PATHS = NO;
				CLANG_ANALYZER_NONNULL = YES;
				CLANG_CXX_LANGUAGE_STANDARD = "gnu++0x";
				CLANG_CXX_LIBRARY = "libc++";
				CLANG_ENABLE_MODULES = YES;
				CLANG_ENABLE_OBJC_ARC = YES;
				CLANG_WARN_BOOL_CONVERSION = YES;
				CLANG_WARN_CONSTANT_CONVERSION = YES;
				CLANG_WARN_DIRECT_OBJC_ISA_USAGE = YES_ERROR;
				CLANG_WARN_DOCUMENTATION_COMMENTS = YES;
				CLANG_WARN_EMPTY_BODY = YES;
				CLANG_WARN_ENUM_CONVERSION = YES;
				CLANG_WARN_INFINITE_RECURSION = YES;
				CLANG_WARN_INT_CONVERSION = YES;
				CLANG_WARN_OBJC_ROOT_CLASS = YES_ERROR;
				CLANG_WARN_SUSPICIOUS_MOVES = YES;
				CLANG_WARN_UNREACHABLE_CODE = YES;
				CLANG_WARN__DUPLICATE_METHOD_MATCH = YES;
				"CODE_SIGN_IDENTITY[sdk=iphoneos*]" = "iPhone Developer";
				COPY_PHASE_STRIP = NO;
				DEBUG_INFORMATION_FORMAT = "dwarf-with-dsym";
				ENABLE_NS_ASSERTIONS = NO;
				ENABLE_STRICT_OBJC_MSGSEND = YES;
				GCC_C_LANGUAGE_STANDARD = gnu99;
				GCC_NO_COMMON_BLOCKS = YES;
				GCC_WARN_64_TO_32_BIT_CONVERSION = YES;
				GCC_WARN_ABOUT_RETURN_TYPE = YES_ERROR;
				GCC_WARN_UNDECLARED_SELECTOR = YES;
				GCC_WARN_UNINITIALIZED_AUTOS = YES_AGGRESSIVE;
				GCC_WARN_UNUSED_FUNCTION = YES;
				GCC_WARN_UNUSED_VARIABLE = YES;
				IPHONEOS_DEPLOYMENT_TARGET = 10.0;
				MTL_ENABLE_DEBUG_INFO = NO;
				SDKROOT = iphoneos;
				TARGETED_DEVICE_FAMILY = "1,2";
				VALIDATE_PRODUCT = YES;
			};
			name = Release;
		};
		02EE7EF61D9CFE2700564835 /* Debug */ = {
			isa = XCBuildConfiguration;
			buildSettings = {
				ASSETCATALOG_COMPILER_APPICON_NAME = AppIcon;
				DEVELOPMENT_TEAM = MV9CCWC8NT;
				HEADER_SEARCH_PATHS = "$(PROJECT_DIR)/include/";
				INFOPLIST_FILE = jd_openssl/Info.plist;
				LD_RUNPATH_SEARCH_PATHS = "$(inherited) @executable_path/Frameworks";
				LIBRARY_SEARCH_PATHS = (
					"$(inherited)",
					"$(PROJECT_DIR)",
				);
				PRODUCT_BUNDLE_IDENTIFIER = "com.pcidata.jd-openssl";
				PRODUCT_NAME = "$(TARGET_NAME)";
			};
			name = Debug;
		};
		02EE7EF71D9CFE2700564835 /* Release */ = {
			isa = XCBuildConfiguration;
			buildSettings = {
				ASSETCATALOG_COMPILER_APPICON_NAME = AppIcon;
				DEVELOPMENT_TEAM = MV9CCWC8NT;
				HEADER_SEARCH_PATHS = "$(PROJECT_DIR)/include/";
				INFOPLIST_FILE = jd_openssl/Info.plist;
				LD_RUNPATH_SEARCH_PATHS = "$(inherited) @executable_path/Frameworks";
				LIBRARY_SEARCH_PATHS = (
					"$(inherited)",
					"$(PROJECT_DIR)",
				);
				PRODUCT_BUNDLE_IDENTIFIER = "com.pcidata.jd-openssl";
				PRODUCT_NAME = "$(TARGET_NAME)";
			};
			name = Release;
		};
/* End XCBuildConfiguration section */

/* Begin XCConfigurationList section */
		02EE7ED91D9CFE2700564835 /* Build configuration list for PBXProject "jd_openssl" */ = {
			isa = XCConfigurationList;
			buildConfigurations = (
				02EE7EF31D9CFE2700564835 /* Debug */,
				02EE7EF41D9CFE2700564835 /* Release */,
			);
			defaultConfigurationIsVisible = 0;
			defaultConfigurationName = Release;
		};
		02EE7EF51D9CFE2700564835 /* Build configuration list for PBXNativeTarget "jd_openssl" */ = {
			isa = XCConfigurationList;
			buildConfigurations = (
				02EE7EF61D9CFE2700564835 /* Debug */,
				02EE7EF71D9CFE2700564835 /* Release */,
			);
			defaultConfigurationIsVisible = 0;
		};
/* End XCConfigurationList section */
	};
	rootObject = 02EE7ED61D9CFE2700564835 /* Project object */;
}
